// !$*UTF8*$!
{
	archiveVersion = 1;
	classes = {
	};
	objectVersion = 46;
	objects = {

/* Begin PBXBuildFile section */
		BD222DEB1A26571F00A3DB65 /* WindowFlex.m in Sources */ = {isa = PBXBuildFile; fileRef = BD222DEA1A26571F00A3DB65 /* WindowFlex.m */; };
		BD22D3E41A2651FC00A3DB65 /* Cocoa.framework in Frameworks */ = {isa = PBXBuildFile; fileRef = BD22D3E31A2651FC00A3DB65 /* Cocoa.framework */; };
		BD8B31281BFB292D00E2C912 /* NSWindow+WindowFlex.m in Sources */ = {isa = PBXBuildFile; fileRef = BD8B31271BFB292D00E2C912 /* NSWindow+WindowFlex.m */; };
		BD9AC8CB1AE419A200F88731 /* NSView+WindowFlex.m in Sources */ = {isa = PBXBuildFile; fileRef = BD9AC8CA1AE419A200F88731 /* NSView+WindowFlex.m */; };
		BD9AC8CE1AE419E700F88731 /* IDEWorkspaceWindowController+WindowFlex.m in Sources */ = {isa = PBXBuildFile; fileRef = BD9AC8CD1AE419E700F88731 /* IDEWorkspaceWindowController+WindowFlex.m */; };
		BD9AC8D11AE41A0B00F88731 /* NSToolbar+WindowFlex.m in Sources */ = {isa = PBXBuildFile; fileRef = BD9AC8D01AE41A0B00F88731 /* NSToolbar+WindowFlex.m */; };
		BDA650F01A0408F2005BBC5E /* WindowFlex.xcscheme in Resources */ = {isa = PBXBuildFile; fileRef = BDA650EF1A0408F2005BBC5E /* WindowFlex.xcscheme */; };
		BDEEA90C1ADED0D6000B70AE /* DVTKit.framework in Frameworks */ = {isa = PBXBuildFile; fileRef = BDEEA90B1ADED0D6000B70AE /* DVTKit.framework */; };
		BDEEA90E1ADED0DB000B70AE /* IDEKit.framework in Frameworks */ = {isa = PBXBuildFile; fileRef = BDEEA90D1ADED0DB000B70AE /* IDEKit.framework */; };
		BDEEA9101ADED0E6000B70AE /* DVTFoundation.framework in Frameworks */ = {isa = PBXBuildFile; fileRef = BDEEA90F1ADED0E6000B70AE /* DVTFoundation.framework */; };
/* End PBXBuildFile section */

/* Begin PBXFileReference section */
		BD222DE91A26571F00A3DB65 /* WindowFlex.h */ = {isa = PBXFileReference; fileEncoding = 4; lastKnownFileType = sourcecode.c.h; path = WindowFlex.h; sourceTree = "<group>"; };
		BD222DEA1A26571F00A3DB65 /* WindowFlex.m */ = {isa = PBXFileReference; fileEncoding = 4; lastKnownFileType = sourcecode.c.objc; path = WindowFlex.m; sourceTree = "<group>"; };
		BD22D3E31A2651FC00A3DB65 /* Cocoa.framework */ = {isa = PBXFileReference; lastKnownFileType = wrapper.framework; name = Cocoa.framework; path = System/Library/Frameworks/Cocoa.framework; sourceTree = SDKROOT; };
		BD61755E1A08BB8A00383A63 /* LICENSE.md */ = {isa = PBXFileReference; lastKnownFileType = net.daringfireball.markdown; path = LICENSE.md; sourceTree = "<group>"; };
		BD61755F1A08BB8A00383A63 /* README.md */ = {isa = PBXFileReference; lastKnownFileType = net.daringfireball.markdown; path = README.md; sourceTree = "<group>"; };
		BD8B31261BFB292D00E2C912 /* NSWindow+WindowFlex.h */ = {isa = PBXFileReference; fileEncoding = 4; lastKnownFileType = sourcecode.c.h; path = "NSWindow+WindowFlex.h"; sourceTree = "<group>"; };
		BD8B31271BFB292D00E2C912 /* NSWindow+WindowFlex.m */ = {isa = PBXFileReference; fileEncoding = 4; lastKnownFileType = sourcecode.c.objc; path = "NSWindow+WindowFlex.m"; sourceTree = "<group>"; };
		BD9AC8C91AE419A200F88731 /* NSView+WindowFlex.h */ = {isa = PBXFileReference; fileEncoding = 4; lastKnownFileType = sourcecode.c.h; path = "NSView+WindowFlex.h"; sourceTree = "<group>"; };
		BD9AC8CA1AE419A200F88731 /* NSView+WindowFlex.m */ = {isa = PBXFileReference; fileEncoding = 4; lastKnownFileType = sourcecode.c.objc; path = "NSView+WindowFlex.m"; sourceTree = "<group>"; };
		BD9AC8CC1AE419E700F88731 /* IDEWorkspaceWindowController+WindowFlex.h */ = {isa = PBXFileReference; fileEncoding = 4; lastKnownFileType = sourcecode.c.h; path = "IDEWorkspaceWindowController+WindowFlex.h"; sourceTree = "<group>"; };
		BD9AC8CD1AE419E700F88731 /* IDEWorkspaceWindowController+WindowFlex.m */ = {isa = PBXFileReference; fileEncoding = 4; lastKnownFileType = sourcecode.c.objc; path = "IDEWorkspaceWindowController+WindowFlex.m"; sourceTree = "<group>"; };
		BD9AC8CF1AE41A0B00F88731 /* NSToolbar+WindowFlex.h */ = {isa = PBXFileReference; fileEncoding = 4; lastKnownFileType = sourcecode.c.h; path = "NSToolbar+WindowFlex.h"; sourceTree = "<group>"; };
		BD9AC8D01AE41A0B00F88731 /* NSToolbar+WindowFlex.m */ = {isa = PBXFileReference; fileEncoding = 4; lastKnownFileType = sourcecode.c.objc; path = "NSToolbar+WindowFlex.m"; sourceTree = "<group>"; };
		BDA650E51A0408F2005BBC5E /* WindowFlex.xcplugin */ = {isa = PBXFileReference; explicitFileType = wrapper.cfbundle; includeInIndex = 0; path = WindowFlex.xcplugin; sourceTree = BUILT_PRODUCTS_DIR; };
		BDA650E81A0408F2005BBC5E /* AppKit.framework */ = {isa = PBXFileReference; lastKnownFileType = wrapper.framework; name = AppKit.framework; path = /System/Library/Frameworks/AppKit.framework; sourceTree = "<absolute>"; };
		BDA650EA1A0408F2005BBC5E /* Foundation.framework */ = {isa = PBXFileReference; lastKnownFileType = wrapper.framework; name = Foundation.framework; path = /System/Library/Frameworks/Foundation.framework; sourceTree = "<absolute>"; };
		BDA650EE1A0408F2005BBC5E /* Info.plist */ = {isa = PBXFileReference; explicitFileType = text.xml; path = Info.plist; sourceTree = "<group>"; };
		BDA650EF1A0408F2005BBC5E /* WindowFlex.xcscheme */ = {isa = PBXFileReference; lastKnownFileType = text.xml; name = WindowFlex.xcscheme; path = WindowFlex.xcodeproj/xcshareddata/xcschemes/WindowFlex.xcscheme; sourceTree = SOURCE_ROOT; };
		BDEEA90B1ADED0D6000B70AE /* DVTKit.framework */ = {isa = PBXFileReference; lastKnownFileType = wrapper.framework; name = DVTKit.framework; path = ../../../../Applications/Xcode.app/Contents/SharedFrameworks/DVTKit.framework; sourceTree = "<group>"; };
		BDEEA90D1ADED0DB000B70AE /* IDEKit.framework */ = {isa = PBXFileReference; lastKnownFileType = wrapper.framework; name = IDEKit.framework; path = ../../../../Applications/Xcode.app/Contents/Frameworks/IDEKit.framework; sourceTree = "<group>"; };
		BDEEA90F1ADED0E6000B70AE /* DVTFoundation.framework */ = {isa = PBXFileReference; lastKnownFileType = wrapper.framework; name = DVTFoundation.framework; path = ../../../../Applications/Xcode.app/Contents/SharedFrameworks/DVTFoundation.framework; sourceTree = "<group>"; };
/* End PBXFileReference section */

/* Begin PBXFrameworksBuildPhase section */
		BDA650E31A0408F2005BBC5E /* Frameworks */ = {
			isa = PBXFrameworksBuildPhase;
			buildActionMask = 2147483647;
			files = (
				BD22D3E41A2651FC00A3DB65 /* Cocoa.framework in Frameworks */,
				BDEEA90E1ADED0DB000B70AE /* IDEKit.framework in Frameworks */,
				BDEEA9101ADED0E6000B70AE /* DVTFoundation.framework in Frameworks */,
				BDEEA90C1ADED0D6000B70AE /* DVTKit.framework in Frameworks */,
			);
			runOnlyForDeploymentPostprocessing = 0;
		};
/* End PBXFrameworksBuildPhase section */

/* Begin PBXGroup section */
		BDA650DC1A0408F2005BBC5E = {
			isa = PBXGroup;
			children = (
				BD61755E1A08BB8A00383A63 /* LICENSE.md */,
				BD61755F1A08BB8A00383A63 /* README.md */,
				BDA650EC1A0408F2005BBC5E /* WindowFlex */,
				BDA650E71A0408F2005BBC5E /* Frameworks */,
				BDA650E61A0408F2005BBC5E /* Products */,
			);
			indentWidth = 4;
			sourceTree = "<group>";
			tabWidth = 4;
		};
		BDA650E61A0408F2005BBC5E /* Products */ = {
			isa = PBXGroup;
			children = (
				BDA650E51A0408F2005BBC5E /* WindowFlex.xcplugin */,
			);
			name = Products;
			sourceTree = "<group>";
		};
		BDA650E71A0408F2005BBC5E /* Frameworks */ = {
			isa = PBXGroup;
			children = (
				BDEEA90F1ADED0E6000B70AE /* DVTFoundation.framework */,
				BDEEA90D1ADED0DB000B70AE /* IDEKit.framework */,
				BDEEA90B1ADED0D6000B70AE /* DVTKit.framework */,
				BD22D3E31A2651FC00A3DB65 /* Cocoa.framework */,
				BDA650E81A0408F2005BBC5E /* AppKit.framework */,
				BDA650EA1A0408F2005BBC5E /* Foundation.framework */,
			);
			name = Frameworks;
			sourceTree = "<group>";
		};
		BDA650EC1A0408F2005BBC5E /* WindowFlex */ = {
			isa = PBXGroup;
			children = (
				BDA650ED1A0408F2005BBC5E /* Supporting Files */,
				BD222DE91A26571F00A3DB65 /* WindowFlex.h */,
				BD222DEA1A26571F00A3DB65 /* WindowFlex.m */,
				BD9AC8C91AE419A200F88731 /* NSView+WindowFlex.h */,
				BD9AC8CA1AE419A200F88731 /* NSView+WindowFlex.m */,
				BD9AC8CC1AE419E700F88731 /* IDEWorkspaceWindowController+WindowFlex.h */,
				BD9AC8CD1AE419E700F88731 /* IDEWorkspaceWindowController+WindowFlex.m */,
				BD9AC8CF1AE41A0B00F88731 /* NSToolbar+WindowFlex.h */,
				BD9AC8D01AE41A0B00F88731 /* NSToolbar+WindowFlex.m */,
				BD8B31261BFB292D00E2C912 /* NSWindow+WindowFlex.h */,
				BD8B31271BFB292D00E2C912 /* NSWindow+WindowFlex.m */,
			);
			path = WindowFlex;
			sourceTree = "<group>";
		};
		BDA650ED1A0408F2005BBC5E /* Supporting Files */ = {
			isa = PBXGroup;
			children = (
				BDA650EE1A0408F2005BBC5E /* Info.plist */,
				BDA650EF1A0408F2005BBC5E /* WindowFlex.xcscheme */,
			);
			name = "Supporting Files";
			sourceTree = "<group>";
		};
/* End PBXGroup section */

/* Begin PBXNativeTarget section */
		BDA650E41A0408F2005BBC5E /* WindowFlex */ = {
			isa = PBXNativeTarget;
			buildConfigurationList = BDA650F61A0408F2005BBC5E /* Build configuration list for PBXNativeTarget "WindowFlex" */;
			buildPhases = (
				BDA650E11A0408F2005BBC5E /* Sources */,
				BDA650E21A0408F2005BBC5E /* Resources */,
				BDA650E31A0408F2005BBC5E /* Frameworks */,
			);
			buildRules = (
			);
			dependencies = (
			);
			name = WindowFlex;
			productName = WindowFlex;
			productReference = BDA650E51A0408F2005BBC5E /* WindowFlex.xcplugin */;
			productType = "com.apple.product-type.bundle";
		};
/* End PBXNativeTarget section */

/* Begin PBXProject section */
		BDA650DD1A0408F2005BBC5E /* Project object */ = {
			isa = PBXProject;
			attributes = {
				LastUpgradeCheck = 0610;
				ORGANIZATIONNAME = zenangst;
				TargetAttributes = {
					BDA650E41A0408F2005BBC5E = {
						CreatedOnToolsVersion = 6.1;
					};
				};
			};
			buildConfigurationList = BDA650E01A0408F2005BBC5E /* Build configuration list for PBXProject "WindowFlex" */;
			compatibilityVersion = "Xcode 3.2";
			developmentRegion = English;
			hasScannedForEncodings = 0;
			knownRegions = (
				en,
			);
			mainGroup = BDA650DC1A0408F2005BBC5E;
			productRefGroup = BDA650E61A0408F2005BBC5E /* Products */;
			projectDirPath = "";
			projectRoot = "";
			targets = (
				BDA650E41A0408F2005BBC5E /* WindowFlex */,
			);
		};
/* End PBXProject section */

/* Begin PBXResourcesBuildPhase section */
		BDA650E21A0408F2005BBC5E /* Resources */ = {
			isa = PBXResourcesBuildPhase;
			buildActionMask = 2147483647;
			files = (
				BDA650F01A0408F2005BBC5E /* WindowFlex.xcscheme in Resources */,
			);
			runOnlyForDeploymentPostprocessing = 0;
		};
/* End PBXResourcesBuildPhase section */

/* Begin PBXSourcesBuildPhase section */
		BDA650E11A0408F2005BBC5E /* Sources */ = {
			isa = PBXSourcesBuildPhase;
			buildActionMask = 2147483647;
			files = (
				BD8B31281BFB292D00E2C912 /* NSWindow+WindowFlex.m in Sources */,
				BD9AC8CB1AE419A200F88731 /* NSView+WindowFlex.m in Sources */,
				BD9AC8CE1AE419E700F88731 /* IDEWorkspaceWindowController+WindowFlex.m in Sources */,
				BD222DEB1A26571F00A3DB65 /* WindowFlex.m in Sources */,
				BD9AC8D11AE41A0B00F88731 /* NSToolbar+WindowFlex.m in Sources */,
			);
			runOnlyForDeploymentPostprocessing = 0;
		};
/* End PBXSourcesBuildPhase section */

/* Begin XCBuildConfiguration section */
		BDA650F41A0408F2005BBC5E /* Debug */ = {
			isa = XCBuildConfiguration;
			buildSettings = {
				ALWAYS_SEARCH_USER_PATHS = NO;
				CLANG_CXX_LANGUAGE_STANDARD = "gnu++0x";
				CLANG_CXX_LIBRARY = "libc++";
				CLANG_ENABLE_MODULES = YES;
				CLANG_ENABLE_OBJC_ARC = YES;
				CLANG_WARN_BOOL_CONVERSION = YES;
				CLANG_WARN_CONSTANT_CONVERSION = YES;
				CLANG_WARN_DIRECT_OBJC_ISA_USAGE = YES_ERROR;
				CLANG_WARN_EMPTY_BODY = YES;
				CLANG_WARN_ENUM_CONVERSION = YES;
				CLANG_WARN_INT_CONVERSION = YES;
				CLANG_WARN_OBJC_ROOT_CLASS = YES_ERROR;
				CLANG_WARN_UNREACHABLE_CODE = YES;
				CLANG_WARN__DUPLICATE_METHOD_MATCH = YES;
				COPY_PHASE_STRIP = NO;
				ENABLE_STRICT_OBJC_MSGSEND = YES;
				GCC_C_LANGUAGE_STANDARD = gnu99;
				GCC_DYNAMIC_NO_PIC = NO;
				GCC_OPTIMIZATION_LEVEL = 0;
				GCC_PREPROCESSOR_DEFINITIONS = (
					"DEBUG=1",
					"$(inherited)",
				);
				GCC_SYMBOLS_PRIVATE_EXTERN = NO;
				GCC_WARN_64_TO_32_BIT_CONVERSION = YES;
				GCC_WARN_ABOUT_RETURN_TYPE = YES_ERROR;
				GCC_WARN_UNDECLARED_SELECTOR = YES;
				GCC_WARN_UNINITIALIZED_AUTOS = YES_AGGRESSIVE;
				GCC_WARN_UNUSED_FUNCTION = YES;
				GCC_WARN_UNUSED_VARIABLE = YES;
				MTL_ENABLE_DEBUG_INFO = YES;
				ONLY_ACTIVE_ARCH = YES;
			};
			name = Debug;
		};
		BDA650F51A0408F2005BBC5E /* Release */ = {
			isa = XCBuildConfiguration;
			buildSettings = {
				ALWAYS_SEARCH_USER_PATHS = NO;
				CLANG_CXX_LANGUAGE_STANDARD = "gnu++0x";
				CLANG_CXX_LIBRARY = "libc++";
				CLANG_ENABLE_MODULES = YES;
				CLANG_ENABLE_OBJC_ARC = YES;
				CLANG_WARN_BOOL_CONVERSION = YES;
				CLANG_WARN_CONSTANT_CONVERSION = YES;
				CLANG_WARN_DIRECT_OBJC_ISA_USAGE = YES_ERROR;
				CLANG_WARN_EMPTY_BODY = YES;
				CLANG_WARN_ENUM_CONVERSION = YES;
				CLANG_WARN_INT_CONVERSION = YES;
				CLANG_WARN_OBJC_ROOT_CLASS = YES_ERROR;
				CLANG_WARN_UNREACHABLE_CODE = YES;
				CLANG_WARN__DUPLICATE_METHOD_MATCH = YES;
				COPY_PHASE_STRIP = YES;
				ENABLE_NS_ASSERTIONS = NO;
				ENABLE_STRICT_OBJC_MSGSEND = YES;
				GCC_C_LANGUAGE_STANDARD = gnu99;
				GCC_WARN_64_TO_32_BIT_CONVERSION = YES;
				GCC_WARN_ABOUT_RETURN_TYPE = YES_ERROR;
				GCC_WARN_UNDECLARED_SELECTOR = YES;
				GCC_WARN_UNINITIALIZED_AUTOS = YES_AGGRESSIVE;
				GCC_WARN_UNUSED_FUNCTION = YES;
				GCC_WARN_UNUSED_VARIABLE = YES;
				MTL_ENABLE_DEBUG_INFO = NO;
			};
			name = Release;
		};
		BDA650F71A0408F2005BBC5E /* Debug */ = {
			isa = XCBuildConfiguration;
			buildSettings = {
				COMBINE_HIDPI_IMAGES = YES;
				DEPLOYMENT_LOCATION = YES;
				DSTROOT = "$(HOME)";
				FRAMEWORK_SEARCH_PATHS = (
					"$(inherited)",
					"$(SYSTEM_APPS_DIR)/Xcode.app/Contents/Frameworks",
					"$(SYSTEM_APPS_DIR)/Xcode.app/Contents/SharedFrameworks",
				);
				INFOPLIST_FILE = WindowFlex/Info.plist;
				INSTALL_PATH = "/Library/Application Support/Developer/Shared/Xcode/Plug-ins";
				MACOSX_DEPLOYMENT_TARGET = 10.10;
				PRODUCT_NAME = "$(TARGET_NAME)";
				WRAPPER_EXTENSION = xcplugin;
			};
			name = Debug;
		};
		BDA650F81A0408F2005BBC5E /* Release */ = {
			isa = XCBuildConfiguration;
			buildSettings = {
				COMBINE_HIDPI_IMAGES = YES;
				DEPLOYMENT_LOCATION = YES;
				DSTROOT = "$(HOME)";
				FRAMEWORK_SEARCH_PATHS = (
					"$(inherited)",
					"$(SYSTEM_APPS_DIR)/Xcode.app/Contents/Frameworks",
					"$(SYSTEM_APPS_DIR)/Xcode.app/Contents/SharedFrameworks",
				);
				INFOPLIST_FILE = WindowFlex/Info.plist;
				INSTALL_PATH = "/Library/Application Support/Developer/Shared/Xcode/Plug-ins";
				MACOSX_DEPLOYMENT_TARGET = 10.10;
				PRODUCT_NAME = "$(TARGET_NAME)";
				WRAPPER_EXTENSION = xcplugin;
			};
			name = Release;
		};
/* End XCBuildConfiguration section */

/* Begin XCConfigurationList section */
		BDA650E01A0408F2005BBC5E /* Build configuration list for PBXProject "WindowFlex" */ = {
			isa = XCConfigurationList;
			buildConfigurations = (
				BDA650F41A0408F2005BBC5E /* Debug */,
				BDA650F51A0408F2005BBC5E /* Release */,
			);
			defaultConfigurationIsVisible = 0;
			defaultConfigurationName = Release;
		};
		BDA650F61A0408F2005BBC5E /* Build configuration list for PBXNativeTarget "WindowFlex" */ = {
			isa = XCConfigurationList;
			buildConfigurations = (
				BDA650F71A0408F2005BBC5E /* Debug */,
				BDA650F81A0408F2005BBC5E /* Release */,
			);
			defaultConfigurationIsVisible = 0;
			defaultConfigurationName = Release;
		};
/* End XCConfigurationList section */
	};
	rootObject = BDA650DD1A0408F2005BBC5E /* Project object */;
}
